// !$*UTF8*$!
{
	archiveVersion = 1;
	classes = {
	};
	objectVersion = 50;
	objects = {

/* Begin PBXBuildFile section */
		2211DB45269CFD8A005CBE11 /* FollowerCell.swift in Sources */ = {isa = PBXBuildFile; fileRef = 2211DB44269CFD8A005CBE11 /* FollowerCell.swift */; };
		2211DB47269CFE24005CBE11 /* GFAvatarImageView.swift in Sources */ = {isa = PBXBuildFile; fileRef = 2211DB46269CFE24005CBE11 /* GFAvatarImageView.swift */; };
		2215672F268A9E4900E9A6D5 /* SearchVC.swift in Sources */ = {isa = PBXBuildFile; fileRef = 2215672E268A9E4900E9A6D5 /* SearchVC.swift */; };
		22156731268A9E9300E9A6D5 /* FavoritesListVC.swift in Sources */ = {isa = PBXBuildFile; fileRef = 22156730268A9E9300E9A6D5 /* FavoritesListVC.swift */; };
		2246E42E26A8624100E547EF /* GFItemInfoView.swift in Sources */ = {isa = PBXBuildFile; fileRef = 2246E42D26A8624100E547EF /* GFItemInfoView.swift */; };
		225A92D9268BD4F800D1274B /* GFButton.swift in Sources */ = {isa = PBXBuildFile; fileRef = 225A92D8268BD4F800D1274B /* GFButton.swift */; };
		225A92DD268BDA5100D1274B /* GFTextField.swift in Sources */ = {isa = PBXBuildFile; fileRef = 225A92DC268BDA5100D1274B /* GFTextField.swift */; };
		2264E5EE26A4C4E8007B8A77 /* GFEmptyStateView.swift in Sources */ = {isa = PBXBuildFile; fileRef = 2264E5ED26A4C4E8007B8A77 /* GFEmptyStateView.swift */; };
		227BB52C26A752CF00C5184A /* UserInfoVC.swift in Sources */ = {isa = PBXBuildFile; fileRef = 227BB52B26A752CF00C5184A /* UserInfoVC.swift */; };
		227BB52E26A75C0900C5184A /* GFError.swift in Sources */ = {isa = PBXBuildFile; fileRef = 227BB52D26A75C0900C5184A /* GFError.swift */; };
		227BB53026A760BC00C5184A /* GFUserInfoHeaderVC.swift in Sources */ = {isa = PBXBuildFile; fileRef = 227BB52F26A760BC00C5184A /* GFUserInfoHeaderVC.swift */; };
		227BB53226A7612000C5184A /* GFSecondaryTitleLabel.swift in Sources */ = {isa = PBXBuildFile; fileRef = 227BB53126A7612000C5184A /* GFSecondaryTitleLabel.swift */; };
		227BB53426A767BA00C5184A /* Constants.swift in Sources */ = {isa = PBXBuildFile; fileRef = 227BB53326A767BA00C5184A /* Constants.swift */; };
		228074082681628C00EC622C /* AppDelegate.swift in Sources */ = {isa = PBXBuildFile; fileRef = 228074072681628C00EC622C /* AppDelegate.swift */; };
		2280740A2681628C00EC622C /* SceneDelegate.swift in Sources */ = {isa = PBXBuildFile; fileRef = 228074092681628C00EC622C /* SceneDelegate.swift */; };
		228074112681628E00EC622C /* Assets.xcassets in Resources */ = {isa = PBXBuildFile; fileRef = 228074102681628E00EC622C /* Assets.xcassets */; };
		228074142681628E00EC622C /* LaunchScreen.storyboard in Resources */ = {isa = PBXBuildFile; fileRef = 228074122681628E00EC622C /* LaunchScreen.storyboard */; };
		22AB3C7226A8DD4B00325356 /* GFItemInfoVC.swift in Sources */ = {isa = PBXBuildFile; fileRef = 22AB3C7126A8DD4B00325356 /* GFItemInfoVC.swift */; };
		22AB3C7426A8E0A900325356 /* GFRepoItemVC.swift in Sources */ = {isa = PBXBuildFile; fileRef = 22AB3C7326A8E0A900325356 /* GFRepoItemVC.swift */; };
		22AB3C7626A8E24800325356 /* GFFollowerItemVC.swift in Sources */ = {isa = PBXBuildFile; fileRef = 22AB3C7526A8E24800325356 /* GFFollowerItemVC.swift */; };
		22B5CA39268E7A1100ED793E /* Follower.swift in Sources */ = {isa = PBXBuildFile; fileRef = 22B5CA38268E7A1100ED793E /* Follower.swift */; };
		22B5CA3B268E7B7300ED793E /* User.swift in Sources */ = {isa = PBXBuildFile; fileRef = 22B5CA3A268E7B7300ED793E /* User.swift */; };
		22B5CA3E268E81BB00ED793E /* NetworkManager.swift in Sources */ = {isa = PBXBuildFile; fileRef = 22B5CA3D268E81BB00ED793E /* NetworkManager.swift */; };
		22C92642269E63B900BEC334 /* UIHelper.swift in Sources */ = {isa = PBXBuildFile; fileRef = 22C92641269E63B900BEC334 /* UIHelper.swift */; };
		22C9A06A268D382500F741F9 /* FollowerListVC.swift in Sources */ = {isa = PBXBuildFile; fileRef = 22C9A069268D382500F741F9 /* FollowerListVC.swift */; };
		22C9A06C268D409800F741F9 /* GFTitleLabel.swift in Sources */ = {isa = PBXBuildFile; fileRef = 22C9A06B268D409700F741F9 /* GFTitleLabel.swift */; };
		22C9A06E268D421A00F741F9 /* GFBodyLabel.swift in Sources */ = {isa = PBXBuildFile; fileRef = 22C9A06D268D421A00F741F9 /* GFBodyLabel.swift */; };
		22C9A070268D42E600F741F9 /* GFAlertVC.swift in Sources */ = {isa = PBXBuildFile; fileRef = 22C9A06F268D42E600F741F9 /* GFAlertVC.swift */; };
		22C9A072268D48F500F741F9 /* UIViewController+Ext.swift in Sources */ = {isa = PBXBuildFile; fileRef = 22C9A071268D48F500F741F9 /* UIViewController+Ext.swift */; };
		22C9A078268D4EAC00F741F9 /* GFAlertContainerView.swift in Sources */ = {isa = PBXBuildFile; fileRef = 22C9A077268D4EAC00F741F9 /* GFAlertContainerView.swift */; };
		22EDDC9E26A999750082C5DB /* Date+Ext.swift in Sources */ = {isa = PBXBuildFile; fileRef = 22EDDC9D26A999750082C5DB /* Date+Ext.swift */; };
		22EDDCA226A99A110082C5DB /* String+Ext.swift in Sources */ = {isa = PBXBuildFile; fileRef = 22EDDCA126A99A110082C5DB /* String+Ext.swift */; };
/* End PBXBuildFile section */

/* Begin PBXFileReference section */
		2211DB44269CFD8A005CBE11 /* FollowerCell.swift */ = {isa = PBXFileReference; lastKnownFileType = sourcecode.swift; path = FollowerCell.swift; sourceTree = "<group>"; };
		2211DB46269CFE24005CBE11 /* GFAvatarImageView.swift */ = {isa = PBXFileReference; lastKnownFileType = sourcecode.swift; path = GFAvatarImageView.swift; sourceTree = "<group>"; };
		2215672E268A9E4900E9A6D5 /* SearchVC.swift */ = {isa = PBXFileReference; lastKnownFileType = sourcecode.swift; path = SearchVC.swift; sourceTree = "<group>"; };
		22156730268A9E9300E9A6D5 /* FavoritesListVC.swift */ = {isa = PBXFileReference; lastKnownFileType = sourcecode.swift; path = FavoritesListVC.swift; sourceTree = "<group>"; };
		2246E42D26A8624100E547EF /* GFItemInfoView.swift */ = {isa = PBXFileReference; lastKnownFileType = sourcecode.swift; path = GFItemInfoView.swift; sourceTree = "<group>"; };
		225A92D8268BD4F800D1274B /* GFButton.swift */ = {isa = PBXFileReference; lastKnownFileType = sourcecode.swift; path = GFButton.swift; sourceTree = "<group>"; };
		225A92DC268BDA5100D1274B /* GFTextField.swift */ = {isa = PBXFileReference; lastKnownFileType = sourcecode.swift; path = GFTextField.swift; sourceTree = "<group>"; };
		2264E5ED26A4C4E8007B8A77 /* GFEmptyStateView.swift */ = {isa = PBXFileReference; lastKnownFileType = sourcecode.swift; path = GFEmptyStateView.swift; sourceTree = "<group>"; };
		227BB52B26A752CF00C5184A /* UserInfoVC.swift */ = {isa = PBXFileReference; lastKnownFileType = sourcecode.swift; path = UserInfoVC.swift; sourceTree = "<group>"; };
		227BB52D26A75C0900C5184A /* GFError.swift */ = {isa = PBXFileReference; lastKnownFileType = sourcecode.swift; path = GFError.swift; sourceTree = "<group>"; };
		227BB52F26A760BC00C5184A /* GFUserInfoHeaderVC.swift */ = {isa = PBXFileReference; lastKnownFileType = sourcecode.swift; path = GFUserInfoHeaderVC.swift; sourceTree = "<group>"; };
		227BB53126A7612000C5184A /* GFSecondaryTitleLabel.swift */ = {isa = PBXFileReference; lastKnownFileType = sourcecode.swift; path = GFSecondaryTitleLabel.swift; sourceTree = "<group>"; };
		227BB53326A767BA00C5184A /* Constants.swift */ = {isa = PBXFileReference; lastKnownFileType = sourcecode.swift; path = Constants.swift; sourceTree = "<group>"; };
		228074042681628C00EC622C /* GHFollowers.app */ = {isa = PBXFileReference; explicitFileType = wrapper.application; includeInIndex = 0; path = GHFollowers.app; sourceTree = BUILT_PRODUCTS_DIR; };
		228074072681628C00EC622C /* AppDelegate.swift */ = {isa = PBXFileReference; lastKnownFileType = sourcecode.swift; path = AppDelegate.swift; sourceTree = "<group>"; };
		228074092681628C00EC622C /* SceneDelegate.swift */ = {isa = PBXFileReference; lastKnownFileType = sourcecode.swift; path = SceneDelegate.swift; sourceTree = "<group>"; };
		228074102681628E00EC622C /* Assets.xcassets */ = {isa = PBXFileReference; lastKnownFileType = folder.assetcatalog; path = Assets.xcassets; sourceTree = "<group>"; };
		228074132681628E00EC622C /* Base */ = {isa = PBXFileReference; lastKnownFileType = file.storyboard; name = Base; path = Base.lproj/LaunchScreen.storyboard; sourceTree = "<group>"; };
		228074152681628E00EC622C /* Info.plist */ = {isa = PBXFileReference; lastKnownFileType = text.plist.xml; path = Info.plist; sourceTree = "<group>"; };
		22AB3C7126A8DD4B00325356 /* GFItemInfoVC.swift */ = {isa = PBXFileReference; lastKnownFileType = sourcecode.swift; path = GFItemInfoVC.swift; sourceTree = "<group>"; };
		22AB3C7326A8E0A900325356 /* GFRepoItemVC.swift */ = {isa = PBXFileReference; lastKnownFileType = sourcecode.swift; path = GFRepoItemVC.swift; sourceTree = "<group>"; };
		22AB3C7526A8E24800325356 /* GFFollowerItemVC.swift */ = {isa = PBXFileReference; lastKnownFileType = sourcecode.swift; path = GFFollowerItemVC.swift; sourceTree = "<group>"; };
		22B5CA38268E7A1100ED793E /* Follower.swift */ = {isa = PBXFileReference; lastKnownFileType = sourcecode.swift; path = Follower.swift; sourceTree = "<group>"; };
		22B5CA3A268E7B7300ED793E /* User.swift */ = {isa = PBXFileReference; lastKnownFileType = sourcecode.swift; path = User.swift; sourceTree = "<group>"; };
		22B5CA3D268E81BB00ED793E /* NetworkManager.swift */ = {isa = PBXFileReference; lastKnownFileType = sourcecode.swift; path = NetworkManager.swift; sourceTree = "<group>"; };
		22C92641269E63B900BEC334 /* UIHelper.swift */ = {isa = PBXFileReference; lastKnownFileType = sourcecode.swift; path = UIHelper.swift; sourceTree = "<group>"; };
		22C9A069268D382500F741F9 /* FollowerListVC.swift */ = {isa = PBXFileReference; lastKnownFileType = sourcecode.swift; path = FollowerListVC.swift; sourceTree = "<group>"; };
		22C9A06B268D409700F741F9 /* GFTitleLabel.swift */ = {isa = PBXFileReference; lastKnownFileType = sourcecode.swift; path = GFTitleLabel.swift; sourceTree = "<group>"; };
		22C9A06D268D421A00F741F9 /* GFBodyLabel.swift */ = {isa = PBXFileReference; lastKnownFileType = sourcecode.swift; path = GFBodyLabel.swift; sourceTree = "<group>"; };
		22C9A06F268D42E600F741F9 /* GFAlertVC.swift */ = {isa = PBXFileReference; lastKnownFileType = sourcecode.swift; path = GFAlertVC.swift; sourceTree = "<group>"; };
		22C9A071268D48F500F741F9 /* UIViewController+Ext.swift */ = {isa = PBXFileReference; lastKnownFileType = sourcecode.swift; path = "UIViewController+Ext.swift"; sourceTree = "<group>"; };
		22C9A077268D4EAC00F741F9 /* GFAlertContainerView.swift */ = {isa = PBXFileReference; lastKnownFileType = sourcecode.swift; path = GFAlertContainerView.swift; sourceTree = "<group>"; };
		22EDDC9D26A999750082C5DB /* Date+Ext.swift */ = {isa = PBXFileReference; lastKnownFileType = sourcecode.swift; path = "Date+Ext.swift"; sourceTree = "<group>"; };
		22EDDCA126A99A110082C5DB /* String+Ext.swift */ = {isa = PBXFileReference; lastKnownFileType = sourcecode.swift; path = "String+Ext.swift"; sourceTree = "<group>"; };
/* End PBXFileReference section */

/* Begin PBXFrameworksBuildPhase section */
		228074012681628C00EC622C /* Frameworks */ = {
			isa = PBXFrameworksBuildPhase;
			buildActionMask = 2147483647;
			files = (
			);
			runOnlyForDeploymentPostprocessing = 0;
		};
/* End PBXFrameworksBuildPhase section */

/* Begin PBXGroup section */
		2211DB43269CFD60005CBE11 /* Cells */ = {
			isa = PBXGroup;
			children = (
				2211DB44269CFD8A005CBE11 /* FollowerCell.swift */,
			);
			path = Cells;
			sourceTree = "<group>";
		};
		2264E5E726A4C3C6007B8A77 /* Views */ = {
			isa = PBXGroup;
			children = (
				22C9A077268D4EAC00F741F9 /* GFAlertContainerView.swift */,
				2264E5ED26A4C4E8007B8A77 /* GFEmptyStateView.swift */,
				2246E42D26A8624100E547EF /* GFItemInfoView.swift */,
			);
			path = Views;
			sourceTree = "<group>";
		};
		2264E5E826A4C3D9007B8A77 /* Buttons */ = {
			isa = PBXGroup;
			children = (
				225A92D8268BD4F800D1274B /* GFButton.swift */,
			);
			path = Buttons;
			sourceTree = "<group>";
		};
		2264E5E926A4C3E4007B8A77 /* TextFields */ = {
			isa = PBXGroup;
			children = (
				225A92DC268BDA5100D1274B /* GFTextField.swift */,
			);
			path = TextFields;
			sourceTree = "<group>";
		};
		2264E5EA26A4C3EC007B8A77 /* ImageViews */ = {
			isa = PBXGroup;
			children = (
				2211DB46269CFE24005CBE11 /* GFAvatarImageView.swift */,
			);
			path = ImageViews;
			sourceTree = "<group>";
		};
		2264E5EB26A4C3F6007B8A77 /* ViewControllers */ = {
			isa = PBXGroup;
			children = (
				22AB3C7726A8E29600325356 /* ItemInfoVCs */,
				22C9A06F268D42E600F741F9 /* GFAlertVC.swift */,
				227BB52F26A760BC00C5184A /* GFUserInfoHeaderVC.swift */,
			);
			path = ViewControllers;
			sourceTree = "<group>";
		};
		2264E5EC26A4C40B007B8A77 /* Labels */ = {
			isa = PBXGroup;
			children = (
				22C9A06D268D421A00F741F9 /* GFBodyLabel.swift */,
				22C9A06B268D409700F741F9 /* GFTitleLabel.swift */,
				227BB53126A7612000C5184A /* GFSecondaryTitleLabel.swift */,
			);
			path = Labels;
			sourceTree = "<group>";
		};
		228073FB2681628C00EC622C = {
			isa = PBXGroup;
			children = (
				228074062681628C00EC622C /* GHFollowers */,
				228074052681628C00EC622C /* Products */,
			);
			sourceTree = "<group>";
		};
		228074052681628C00EC622C /* Products */ = {
			isa = PBXGroup;
			children = (
				228074042681628C00EC622C /* GHFollowers.app */,
			);
			name = Products;
			sourceTree = "<group>";
		};
		228074062681628C00EC622C /* GHFollowers */ = {
			isa = PBXGroup;
			children = (
				22B5CA3F268E905400ED793E /* Utilities */,
				22B5CA3C268E81A600ED793E /* Managers */,
				22B5CA37268E7A0200ED793E /* Model */,
				22C9A075268D4CA700F741F9 /* Extensions */,
				22C9A074268D4C7A00F741F9 /* Custom Views */,
				22C9A073268D4C4200F741F9 /* Screens */,
				22C9A076268D4D0C00F741F9 /* Support */,
			);
			path = GHFollowers;
			sourceTree = "<group>";
		};
		22AB3C7726A8E29600325356 /* ItemInfoVCs */ = {
			isa = PBXGroup;
			children = (
				22AB3C7126A8DD4B00325356 /* GFItemInfoVC.swift */,
				22AB3C7326A8E0A900325356 /* GFRepoItemVC.swift */,
				22AB3C7526A8E24800325356 /* GFFollowerItemVC.swift */,
			);
			path = ItemInfoVCs;
			sourceTree = "<group>";
		};
		22B5CA37268E7A0200ED793E /* Model */ = {
			isa = PBXGroup;
			children = (
				22B5CA38268E7A1100ED793E /* Follower.swift */,
				22B5CA3A268E7B7300ED793E /* User.swift */,
			);
			path = Model;
			sourceTree = "<group>";
		};
		22B5CA3C268E81A600ED793E /* Managers */ = {
			isa = PBXGroup;
			children = (
				22B5CA3D268E81BB00ED793E /* NetworkManager.swift */,
			);
			path = Managers;
			sourceTree = "<group>";
		};
		22B5CA3F268E905400ED793E /* Utilities */ = {
			isa = PBXGroup;
			children = (
				22C92641269E63B900BEC334 /* UIHelper.swift */,
				227BB52D26A75C0900C5184A /* GFError.swift */,
				227BB53326A767BA00C5184A /* Constants.swift */,
			);
			path = Utilities;
			sourceTree = "<group>";
		};
		22C9A073268D4C4200F741F9 /* Screens */ = {
			isa = PBXGroup;
			children = (
				2215672E268A9E4900E9A6D5 /* SearchVC.swift */,
				22C9A069268D382500F741F9 /* FollowerListVC.swift */,
				22156730268A9E9300E9A6D5 /* FavoritesListVC.swift */,
				227BB52B26A752CF00C5184A /* UserInfoVC.swift */,
			);
			path = Screens;
			sourceTree = "<group>";
		};
		22C9A074268D4C7A00F741F9 /* Custom Views */ = {
			isa = PBXGroup;
			children = (
				2264E5EC26A4C40B007B8A77 /* Labels */,
				2264E5EB26A4C3F6007B8A77 /* ViewControllers */,
				2264E5EA26A4C3EC007B8A77 /* ImageViews */,
				2264E5E926A4C3E4007B8A77 /* TextFields */,
				2264E5E826A4C3D9007B8A77 /* Buttons */,
				2264E5E726A4C3C6007B8A77 /* Views */,
				2211DB43269CFD60005CBE11 /* Cells */,
			);
			path = "Custom Views";
			sourceTree = "<group>";
		};
		22C9A075268D4CA700F741F9 /* Extensions */ = {
			isa = PBXGroup;
			children = (
				22C9A071268D48F500F741F9 /* UIViewController+Ext.swift */,
				22EDDC9D26A999750082C5DB /* Date+Ext.swift */,
				22EDDCA126A99A110082C5DB /* String+Ext.swift */,
			);
			path = Extensions;
			sourceTree = "<group>";
		};
		22C9A076268D4D0C00F741F9 /* Support */ = {
			isa = PBXGroup;
			children = (
				228074072681628C00EC622C /* AppDelegate.swift */,
				228074092681628C00EC622C /* SceneDelegate.swift */,
				228074102681628E00EC622C /* Assets.xcassets */,
				228074122681628E00EC622C /* LaunchScreen.storyboard */,
				228074152681628E00EC622C /* Info.plist */,
			);
			path = Support;
			sourceTree = "<group>";
		};
/* End PBXGroup section */

/* Begin PBXNativeTarget section */
		228074032681628C00EC622C /* GHFollowers */ = {
			isa = PBXNativeTarget;
			buildConfigurationList = 228074182681628E00EC622C /* Build configuration list for PBXNativeTarget "GHFollowers" */;
			buildPhases = (
				228074002681628C00EC622C /* Sources */,
				228074012681628C00EC622C /* Frameworks */,
				228074022681628C00EC622C /* Resources */,
			);
			buildRules = (
			);
			dependencies = (
			);
			name = GHFollowers;
			productName = GHFollowers;
			productReference = 228074042681628C00EC622C /* GHFollowers.app */;
			productType = "com.apple.product-type.application";
		};
/* End PBXNativeTarget section */

/* Begin PBXProject section */
		228073FC2681628C00EC622C /* Project object */ = {
			isa = PBXProject;
			attributes = {
				LastSwiftUpdateCheck = 1250;
				LastUpgradeCheck = 1250;
				TargetAttributes = {
					228074032681628C00EC622C = {
						CreatedOnToolsVersion = 12.5;
					};
				};
			};
			buildConfigurationList = 228073FF2681628C00EC622C /* Build configuration list for PBXProject "GHFollowers" */;
			compatibilityVersion = "Xcode 9.3";
			developmentRegion = en;
			hasScannedForEncodings = 0;
			knownRegions = (
				en,
				Base,
			);
			mainGroup = 228073FB2681628C00EC622C;
			productRefGroup = 228074052681628C00EC622C /* Products */;
			projectDirPath = "";
			projectRoot = "";
			targets = (
				228074032681628C00EC622C /* GHFollowers */,
			);
		};
/* End PBXProject section */

/* Begin PBXResourcesBuildPhase section */
		228074022681628C00EC622C /* Resources */ = {
			isa = PBXResourcesBuildPhase;
			buildActionMask = 2147483647;
			files = (
				228074142681628E00EC622C /* LaunchScreen.storyboard in Resources */,
				228074112681628E00EC622C /* Assets.xcassets in Resources */,
			);
			runOnlyForDeploymentPostprocessing = 0;
		};
/* End PBXResourcesBuildPhase section */

/* Begin PBXSourcesBuildPhase section */
		228074002681628C00EC622C /* Sources */ = {
			isa = PBXSourcesBuildPhase;
			buildActionMask = 2147483647;
			files = (
				22C9A078268D4EAC00F741F9 /* GFAlertContainerView.swift in Sources */,
				225A92DD268BDA5100D1274B /* GFTextField.swift in Sources */,
				22156731268A9E9300E9A6D5 /* FavoritesListVC.swift in Sources */,
				225A92D9268BD4F800D1274B /* GFButton.swift in Sources */,
				22C9A072268D48F500F741F9 /* UIViewController+Ext.swift in Sources */,
				2264E5EE26A4C4E8007B8A77 /* GFEmptyStateView.swift in Sources */,
				2215672F268A9E4900E9A6D5 /* SearchVC.swift in Sources */,
				227BB53226A7612000C5184A /* GFSecondaryTitleLabel.swift in Sources */,
				22B5CA3B268E7B7300ED793E /* User.swift in Sources */,
				227BB52E26A75C0900C5184A /* GFError.swift in Sources */,
				2211DB45269CFD8A005CBE11 /* FollowerCell.swift in Sources */,
				2211DB47269CFE24005CBE11 /* GFAvatarImageView.swift in Sources */,
				22AB3C7426A8E0A900325356 /* GFRepoItemVC.swift in Sources */,
				22C9A070268D42E600F741F9 /* GFAlertVC.swift in Sources */,
				227BB52C26A752CF00C5184A /* UserInfoVC.swift in Sources */,
				22B5CA39268E7A1100ED793E /* Follower.swift in Sources */,
				22C9A06E268D421A00F741F9 /* GFBodyLabel.swift in Sources */,
				227BB53026A760BC00C5184A /* GFUserInfoHeaderVC.swift in Sources */,
				22EDDCA226A99A110082C5DB /* String+Ext.swift in Sources */,
				22C9A06C268D409800F741F9 /* GFTitleLabel.swift in Sources */,
				22AB3C7226A8DD4B00325356 /* GFItemInfoVC.swift in Sources */,
				22AB3C7626A8E24800325356 /* GFFollowerItemVC.swift in Sources */,
				22C9A06A268D382500F741F9 /* FollowerListVC.swift in Sources */,
				22C92642269E63B900BEC334 /* UIHelper.swift in Sources */,
				22EDDC9E26A999750082C5DB /* Date+Ext.swift in Sources */,
				22B5CA3E268E81BB00ED793E /* NetworkManager.swift in Sources */,
				228074082681628C00EC622C /* AppDelegate.swift in Sources */,
				2246E42E26A8624100E547EF /* GFItemInfoView.swift in Sources */,
				2280740A2681628C00EC622C /* SceneDelegate.swift in Sources */,
				227BB53426A767BA00C5184A /* Constants.swift in Sources */,
			);
			runOnlyForDeploymentPostprocessing = 0;
		};
/* End PBXSourcesBuildPhase section */

/* Begin PBXVariantGroup section */
		228074122681628E00EC622C /* LaunchScreen.storyboard */ = {
			isa = PBXVariantGroup;
			children = (
				228074132681628E00EC622C /* Base */,
			);
			name = LaunchScreen.storyboard;
			sourceTree = "<group>";
		};
/* End PBXVariantGroup section */

/* Begin XCBuildConfiguration section */
		228074162681628E00EC622C /* Debug */ = {
			isa = XCBuildConfiguration;
			buildSettings = {
				ALWAYS_SEARCH_USER_PATHS = NO;
				CLANG_ANALYZER_NONNULL = YES;
				CLANG_ANALYZER_NUMBER_OBJECT_CONVERSION = YES_AGGRESSIVE;
				CLANG_CXX_LANGUAGE_STANDARD = "gnu++14";
				CLANG_CXX_LIBRARY = "libc++";
				CLANG_ENABLE_MODULES = YES;
				CLANG_ENABLE_OBJC_ARC = YES;
				CLANG_ENABLE_OBJC_WEAK = YES;
				CLANG_WARN_BLOCK_CAPTURE_AUTORELEASING = YES;
				CLANG_WARN_BOOL_CONVERSION = YES;
				CLANG_WARN_COMMA = YES;
				CLANG_WARN_CONSTANT_CONVERSION = YES;
				CLANG_WARN_DEPRECATED_OBJC_IMPLEMENTATIONS = YES;
				CLANG_WARN_DIRECT_OBJC_ISA_USAGE = YES_ERROR;
				CLANG_WARN_DOCUMENTATION_COMMENTS = YES;
				CLANG_WARN_EMPTY_BODY = YES;
				CLANG_WARN_ENUM_CONVERSION = YES;
				CLANG_WARN_INFINITE_RECURSION = YES;
				CLANG_WARN_INT_CONVERSION = YES;
				CLANG_WARN_NON_LITERAL_NULL_CONVERSION = YES;
				CLANG_WARN_OBJC_IMPLICIT_RETAIN_SELF = YES;
				CLANG_WARN_OBJC_LITERAL_CONVERSION = YES;
				CLANG_WARN_OBJC_ROOT_CLASS = YES_ERROR;
				CLANG_WARN_QUOTED_INCLUDE_IN_FRAMEWORK_HEADER = YES;
				CLANG_WARN_RANGE_LOOP_ANALYSIS = YES;
				CLANG_WARN_STRICT_PROTOTYPES = YES;
				CLANG_WARN_SUSPICIOUS_MOVE = YES;
				CLANG_WARN_UNGUARDED_AVAILABILITY = YES_AGGRESSIVE;
				CLANG_WARN_UNREACHABLE_CODE = YES;
				CLANG_WARN__DUPLICATE_METHOD_MATCH = YES;
				COPY_PHASE_STRIP = NO;
				DEBUG_INFORMATION_FORMAT = dwarf;
				ENABLE_STRICT_OBJC_MSGSEND = YES;
				ENABLE_TESTABILITY = YES;
				GCC_C_LANGUAGE_STANDARD = gnu11;
				GCC_DYNAMIC_NO_PIC = NO;
				GCC_NO_COMMON_BLOCKS = YES;
				GCC_OPTIMIZATION_LEVEL = 0;
				GCC_PREPROCESSOR_DEFINITIONS = (
					"DEBUG=1",
					"$(inherited)",
				);
				GCC_WARN_64_TO_32_BIT_CONVERSION = YES;
				GCC_WARN_ABOUT_RETURN_TYPE = YES_ERROR;
				GCC_WARN_UNDECLARED_SELECTOR = YES;
				GCC_WARN_UNINITIALIZED_AUTOS = YES_AGGRESSIVE;
				GCC_WARN_UNUSED_FUNCTION = YES;
				GCC_WARN_UNUSED_VARIABLE = YES;
				IPHONEOS_DEPLOYMENT_TARGET = 14.5;
				MTL_ENABLE_DEBUG_INFO = INCLUDE_SOURCE;
				MTL_FAST_MATH = YES;
				ONLY_ACTIVE_ARCH = YES;
				SDKROOT = iphoneos;
				SWIFT_ACTIVE_COMPILATION_CONDITIONS = DEBUG;
				SWIFT_OPTIMIZATION_LEVEL = "-Onone";
			};
			name = Debug;
		};
		228074172681628E00EC622C /* Release */ = {
			isa = XCBuildConfiguration;
			buildSettings = {
				ALWAYS_SEARCH_USER_PATHS = NO;
				CLANG_ANALYZER_NONNULL = YES;
				CLANG_ANALYZER_NUMBER_OBJECT_CONVERSION = YES_AGGRESSIVE;
				CLANG_CXX_LANGUAGE_STANDARD = "gnu++14";
				CLANG_CXX_LIBRARY = "libc++";
				CLANG_ENABLE_MODULES = YES;
				CLANG_ENABLE_OBJC_ARC = YES;
				CLANG_ENABLE_OBJC_WEAK = YES;
				CLANG_WARN_BLOCK_CAPTURE_AUTORELEASING = YES;
				CLANG_WARN_BOOL_CONVERSION = YES;
				CLANG_WARN_COMMA = YES;
				CLANG_WARN_CONSTANT_CONVERSION = YES;
				CLANG_WARN_DEPRECATED_OBJC_IMPLEMENTATIONS = YES;
				CLANG_WARN_DIRECT_OBJC_ISA_USAGE = YES_ERROR;
				CLANG_WARN_DOCUMENTATION_COMMENTS = YES;
				CLANG_WARN_EMPTY_BODY = YES;
				CLANG_WARN_ENUM_CONVERSION = YES;
				CLANG_WARN_INFINITE_RECURSION = YES;
				CLANG_WARN_INT_CONVERSION = YES;
				CLANG_WARN_NON_LITERAL_NULL_CONVERSION = YES;
				CLANG_WARN_OBJC_IMPLICIT_RETAIN_SELF = YES;
				CLANG_WARN_OBJC_LITERAL_CONVERSION = YES;
				CLANG_WARN_OBJC_ROOT_CLASS = YES_ERROR;
				CLANG_WARN_QUOTED_INCLUDE_IN_FRAMEWORK_HEADER = YES;
				CLANG_WARN_RANGE_LOOP_ANALYSIS = YES;
				CLANG_WARN_STRICT_PROTOTYPES = YES;
				CLANG_WARN_SUSPICIOUS_MOVE = YES;
				CLANG_WARN_UNGUARDED_AVAILABILITY = YES_AGGRESSIVE;
				CLANG_WARN_UNREACHABLE_CODE = YES;
				CLANG_WARN__DUPLICATE_METHOD_MATCH = YES;
				COPY_PHASE_STRIP = NO;
				DEBUG_INFORMATION_FORMAT = "dwarf-with-dsym";
				ENABLE_NS_ASSERTIONS = NO;
				ENABLE_STRICT_OBJC_MSGSEND = YES;
				GCC_C_LANGUAGE_STANDARD = gnu11;
				GCC_NO_COMMON_BLOCKS = YES;
				GCC_WARN_64_TO_32_BIT_CONVERSION = YES;
				GCC_WARN_ABOUT_RETURN_TYPE = YES_ERROR;
				GCC_WARN_UNDECLARED_SELECTOR = YES;
				GCC_WARN_UNINITIALIZED_AUTOS = YES_AGGRESSIVE;
				GCC_WARN_UNUSED_FUNCTION = YES;
				GCC_WARN_UNUSED_VARIABLE = YES;
				IPHONEOS_DEPLOYMENT_TARGET = 14.5;
				MTL_ENABLE_DEBUG_INFO = NO;
				MTL_FAST_MATH = YES;
				SDKROOT = iphoneos;
				SWIFT_COMPILATION_MODE = wholemodule;
				SWIFT_OPTIMIZATION_LEVEL = "-O";
				VALIDATE_PRODUCT = YES;
			};
			name = Release;
		};
		228074192681628E00EC622C /* Debug */ = {
			isa = XCBuildConfiguration;
			buildSettings = {
				ASSETCATALOG_COMPILER_APPICON_NAME = AppIcon;
				ASSETCATALOG_COMPILER_GLOBAL_ACCENT_COLOR_NAME = AccentColor;
				CODE_SIGN_STYLE = Automatic;
				DEVELOPMENT_TEAM = TQULLH528D;
				INFOPLIST_FILE = "$(SRCROOT)/GHFollowers/Support/Info.plist";
				LD_RUNPATH_SEARCH_PATHS = (
					"$(inherited)",
					"@executable_path/Frameworks",
				);
				PRODUCT_BUNDLE_IDENTIFIER = edsonnetodev.GHFollowers;
				PRODUCT_NAME = "$(TARGET_NAME)";
				SWIFT_VERSION = 5.0;
				TARGETED_DEVICE_FAMILY = 1;
			};
			name = Debug;
		};
		2280741A2681628E00EC622C /* Release */ = {
			isa = XCBuildConfiguration;
			buildSettings = {
				ASSETCATALOG_COMPILER_APPICON_NAME = AppIcon;
				ASSETCATALOG_COMPILER_GLOBAL_ACCENT_COLOR_NAME = AccentColor;
				CODE_SIGN_STYLE = Automatic;
				DEVELOPMENT_TEAM = TQULLH528D;
				INFOPLIST_FILE = "$(SRCROOT)/GHFollowers/Support/Info.plist";
				LD_RUNPATH_SEARCH_PATHS = (
					"$(inherited)",
					"@executable_path/Frameworks",
				);
				PRODUCT_BUNDLE_IDENTIFIER = edsonnetodev.GHFollowers;
				PRODUCT_NAME = "$(TARGET_NAME)";
				SWIFT_VERSION = 5.0;
				TARGETED_DEVICE_FAMILY = 1;
			};
			name = Release;
		};
/* End XCBuildConfiguration section */

/* Begin XCConfigurationList section */
		228073FF2681628C00EC622C /* Build configuration list for PBXProject "GHFollowers" */ = {
			isa = XCConfigurationList;
			buildConfigurations = (
				228074162681628E00EC622C /* Debug */,
				228074172681628E00EC622C /* Release */,
			);
			defaultConfigurationIsVisible = 0;
			defaultConfigurationName = Release;
		};
		228074182681628E00EC622C /* Build configuration list for PBXNativeTarget "GHFollowers" */ = {
			isa = XCConfigurationList;
			buildConfigurations = (
				228074192681628E00EC622C /* Debug */,
				2280741A2681628E00EC622C /* Release */,
			);
			defaultConfigurationIsVisible = 0;
			defaultConfigurationName = Release;
		};
/* End XCConfigurationList section */
	};
	rootObject = 228073FC2681628C00EC622C /* Project object */;
}
